
Microsoft Visual Studio Solution File, Format Version 12.00
# Visual Studio Version 17
VisualStudioVersion = 17.4.33110.190
MinimumVisualStudioVersion = 10.0.40219.1
Project("{9A19103F-16F7-4668-BE54-9A1E7A4F7556}") = "AdventParser", "AdventParser\AdventParser.csproj", "{AB189AE0-A098-4F61-BDB9-35C7B3C4B2D9}"
EndProject
Project("{9A19103F-16F7-4668-BE54-9A1E7A4F7556}") = "Day1", "Day1\Day1.csproj", "{5384FB3F-0230-4EDE-98D4-6CBFFAAB9245}"
EndProject
Project("{9A19103F-16F7-4668-BE54-9A1E7A4F7556}") = "Day2", "Day2\Day2.csproj", "{95CC3381-7CBA-4A16-B121-0A043D2B1B49}"
EndProject
Project("{9A19103F-16F7-4668-BE54-9A1E7A4F7556}") = "DayX", "DayX\DayX.csproj", "{BA837069-9985-4C3E-A697-40B349114783}"
EndProject
Project("{9A19103F-16F7-4668-BE54-9A1E7A4F7556}") = "Day3", "Day3\Day3.csproj", "{F2FAAB3A-73A3-4B2D-9FCB-9D3FCFCACC2E}"
EndProject
Project("{9A19103F-16F7-4668-BE54-9A1E7A4F7556}") = "Day4", "Day4\Day4.csproj", "{4B57E9F3-6FEA-4ABF-96C4-4C48AF78DBD7}"
EndProject
Project("{9A19103F-16F7-4668-BE54-9A1E7A4F7556}") = "Day7", "Day7\Day7.csproj", "{800F618A-DAEA-45BB-8B1D-17FFD46A00DB}"
EndProject
Global
	GlobalSection(SolutionConfigurationPlatforms) = preSolution
		Debug|Any CPU = Debug|Any CPU
		Release|Any CPU = Release|Any CPU
	EndGlobalSection
	GlobalSection(ProjectConfigurationPlatforms) = postSolution
		{AB189AE0-A098-4F61-BDB9-35C7B3C4B2D9}.Debug|Any CPU.ActiveCfg = Debug|Any CPU
		{AB189AE0-A098-4F61-BDB9-35C7B3C4B2D9}.Debug|Any CPU.Build.0 = Debug|Any CPU
		{AB189AE0-A098-4F61-BDB9-35C7B3C4B2D9}.Release|Any CPU.ActiveCfg = Release|Any CPU
		{AB189AE0-A098-4F61-BDB9-35C7B3C4B2D9}.Release|Any CPU.Build.0 = Release|Any CPU
		{5384FB3F-0230-4EDE-98D4-6CBFFAAB9245}.Debug|Any CPU.ActiveCfg = Debug|Any CPU
		{5384FB3F-0230-4EDE-98D4-6CBFFAAB9245}.Debug|Any CPU.Build.0 = Debug|Any CPU
		{5384FB3F-0230-4EDE-98D4-6CBFFAAB9245}.Release|Any CPU.ActiveCfg = Release|Any CPU
		{5384FB3F-0230-4EDE-98D4-6CBFFAAB9245}.Release|Any CPU.Build.0 = Release|Any CPU
		{95CC3381-7CBA-4A16-B121-0A043D2B1B49}.Debug|Any CPU.ActiveCfg = Debug|Any CPU
		{95CC3381-7CBA-4A16-B121-0A043D2B1B49}.Debug|Any CPU.Build.0 = Debug|Any CPU
		{95CC3381-7CBA-4A16-B121-0A043D2B1B49}.Release|Any CPU.ActiveCfg = Release|Any CPU
		{95CC3381-7CBA-4A16-B121-0A043D2B1B49}.Release|Any CPU.Build.0 = Release|Any CPU
		{BA837069-9985-4C3E-A697-40B349114783}.Debug|Any CPU.ActiveCfg = Debug|Any CPU
		{BA837069-9985-4C3E-A697-40B349114783}.Debug|Any CPU.Build.0 = Debug|Any CPU
		{BA837069-9985-4C3E-A697-40B349114783}.Release|Any CPU.ActiveCfg = Release|Any CPU
		{BA837069-9985-4C3E-A697-40B349114783}.Release|Any CPU.Build.0 = Release|Any CPU
		{F2FAAB3A-73A3-4B2D-9FCB-9D3FCFCACC2E}.Debug|Any CPU.ActiveCfg = Debug|Any CPU
		{F2FAAB3A-73A3-4B2D-9FCB-9D3FCFCACC2E}.Debug|Any CPU.Build.0 = Debug|Any CPU
		{F2FAAB3A-73A3-4B2D-9FCB-9D3FCFCACC2E}.Release|Any CPU.ActiveCfg = Release|Any CPU
		{F2FAAB3A-73A3-4B2D-9FCB-9D3FCFCACC2E}.Release|Any CPU.Build.0 = Release|Any CPU
		{4B57E9F3-6FEA-4ABF-96C4-4C48AF78DBD7}.Debug|Any CPU.ActiveCfg = Debug|Any CPU
		{4B57E9F3-6FEA-4ABF-96C4-4C48AF78DBD7}.Debug|Any CPU.Build.0 = Debug|Any CPU
		{4B57E9F3-6FEA-4ABF-96C4-4C48AF78DBD7}.Release|Any CPU.ActiveCfg = Release|Any CPU
		{4B57E9F3-6FEA-4ABF-96C4-4C48AF78DBD7}.Release|Any CPU.Build.0 = Release|Any CPU
		{800F618A-DAEA-45BB-8B1D-17FFD46A00DB}.Debug|Any CPU.ActiveCfg = Debug|Any CPU
		{800F618A-DAEA-45BB-8B1D-17FFD46A00DB}.Debug|Any CPU.Build.0 = Debug|Any CPU
		{800F618A-DAEA-45BB-8B1D-17FFD46A00DB}.Release|Any CPU.ActiveCfg = Release|Any CPU
		{800F618A-DAEA-45BB-8B1D-17FFD46A00DB}.Release|Any CPU.Build.0 = Release|Any CPU
	EndGlobalSection
	GlobalSection(SolutionProperties) = preSolution
		HideSolutionNode = FALSE
	EndGlobalSection
	GlobalSection(ExtensibilityGlobals) = postSolution
		SolutionGuid = {CE3FA3C6-92BF-4F71-9A79-C13C8BE3A990}
	EndGlobalSection
EndGlobal
